lockfile_version: '1'
generated_at: '2026-05-25T19:01:31.928302+00:00'
apm_version: 0.14.2
dependencies:
- repo_url: anthropics/skills
  host: github.com
  resolved_commit: 690f15cac7f7b4c055c5ab109c79ed9259934081
  virtual_path: skills/frontend-design
  is_virtual: true
  package_type: claude_skill
  deployed_files:
  - .agents/skills/frontend-design
  content_hash: sha256:063a0e6448123cd359ad0044cc46b0e490cc7964d45ef4bb9fd842bd2ffbca67
